
Microsoft Visual Studio Solution File, Format Version 12.00
# Visual Studio 14
VisualStudioVersion = 14.0.24720.0
MinimumVisualStudioVersion = 10.0.40219.1
Project("{FAE04EC0-301F-11D3-BF4B-00C04F79EFBC}") = "ParallelExtensions", "ParallelExtensions\ParallelExtensions.csproj", "{5AE74421-A8D7-4E10-A06D-EC8DCFB67815}"
EndProject
Project("{FAE04EC0-301F-11D3-BF4B-00C04F79EFBC}") = "Attributes", "Attributes\Attributes.csproj", "{76FA8C03-B946-4E71-AFD8-650E42C63A92}"
EndProject
Project("{FAE04EC0-301F-11D3-BF4B-00C04F79EFBC}") = "Basics", "Basics\Basics.csproj", "{D7347358-31F3-46CC-B530-0D9E564B7009}"
EndProject
Project("{2150E333-8FDC-42A3-9474-1A3956D46DE8}") = "1. Basics", "1. Basics", "{35D8D783-6795-48BC-8670-5B3BE6E777A1}"
EndProject
Project("{2150E333-8FDC-42A3-9474-1A3956D46DE8}") = "2. Attributes", "2. Attributes", "{5C73F123-3DA0-42DD-B305-4457664233AF}"
EndProject
Project("{2150E333-8FDC-42A3-9474-1A3956D46DE8}") = "3. Delegates, Events and Lamda Expressions", "3. Delegates, Events and Lamda Expressions", "{71683E0D-2048-465D-A5C0-B9A8FAC97781}"
EndProject
Project("{FAE04EC0-301F-11D3-BF4B-00C04F79EFBC}") = "DelegatesEventsAndLamdaExpressions", "DelegatesAndEvents\DelegatesEventsAndLamdaExpressions.csproj", "{ADECA8A8-9C11-432B-8B48-D8E0D5CAFD27}"
EndProject
Project("{2150E333-8FDC-42A3-9474-1A3956D46DE8}") = "4. Extension Methods", "4. Extension Methods", "{7C10E770-1655-400B-A8EF-E220A0B35629}"
EndProject
Project("{FAE04EC0-301F-11D3-BF4B-00C04F79EFBC}") = "ExtensionMethods", "ExtensionMethods\ExtensionMethods.csproj", "{DBDA4686-899A-460E-A1EB-6F5E58151C04}"
EndProject
Project("{2150E333-8FDC-42A3-9474-1A3956D46DE8}") = "5. LINQ", "5. LINQ", "{2D8CFCA0-825E-4733-A835-4D1BEE947FD4}"
EndProject
Project("{FAE04EC0-301F-11D3-BF4B-00C04F79EFBC}") = "LINQ", "LINQ\LINQ.csproj", "{8AAD13AE-CB46-41A2-A84B-5324CDB4DC61}"
EndProject
Project("{2150E333-8FDC-42A3-9474-1A3956D46DE8}") = "6. Parallel Extensions", "6. Parallel Extensions", "{3C81E09D-6BEB-46DB-AE86-BB4C34B7AC2A}"
EndProject
Project("{2150E333-8FDC-42A3-9474-1A3956D46DE8}") = "7. Async", "7. Async", "{50B9E377-117F-4A3B-B376-8D41FD821A1C}"
EndProject
Project("{FAE04EC0-301F-11D3-BF4B-00C04F79EFBC}") = "Async", "Async\Async.csproj", "{44E68867-2CAA-426F-9073-CC4B71A99F3A}"
EndProject
Project("{2150E333-8FDC-42A3-9474-1A3956D46DE8}") = "8. Entity Framework", "8. Entity Framework", "{9AA26414-5035-4C6E-9A1B-E9BB2B73ACB8}"
EndProject
Project("{FAE04EC0-301F-11D3-BF4B-00C04F79EFBC}") = "EntityFramework", "EntityFramework\EntityFramework.csproj", "{AD28BCD9-1016-40F6-B359-4B2358316071}"
EndProject
Project("{2150E333-8FDC-42A3-9474-1A3956D46DE8}") = "9. MVC", "9. MVC", "{4244190E-6595-4367-971D-DFE9D207CA84}"
EndProject
Project("{FAE04EC0-301F-11D3-BF4B-00C04F79EFBC}") = "MVC", "MVC\MVC.csproj", "{BA8CA488-41A4-4964-A44E-84B953651E45}"
EndProject
Global
	GlobalSection(SolutionConfigurationPlatforms) = preSolution
		Debug|Any CPU = Debug|Any CPU
		Release|Any CPU = Release|Any CPU
	EndGlobalSection
	GlobalSection(ProjectConfigurationPlatforms) = postSolution
		{5AE74421-A8D7-4E10-A06D-EC8DCFB67815}.Debug|Any CPU.ActiveCfg = Debug|Any CPU
		{5AE74421-A8D7-4E10-A06D-EC8DCFB67815}.Debug|Any CPU.Build.0 = Debug|Any CPU
		{5AE74421-A8D7-4E10-A06D-EC8DCFB67815}.Release|Any CPU.ActiveCfg = Release|Any CPU
		{5AE74421-A8D7-4E10-A06D-EC8DCFB67815}.Release|Any CPU.Build.0 = Release|Any CPU
		{76FA8C03-B946-4E71-AFD8-650E42C63A92}.Debug|Any CPU.ActiveCfg = Debug|Any CPU
		{76FA8C03-B946-4E71-AFD8-650E42C63A92}.Debug|Any CPU.Build.0 = Debug|Any CPU
		{76FA8C03-B946-4E71-AFD8-650E42C63A92}.Release|Any CPU.ActiveCfg = Release|Any CPU
		{76FA8C03-B946-4E71-AFD8-650E42C63A92}.Release|Any CPU.Build.0 = Release|Any CPU
		{D7347358-31F3-46CC-B530-0D9E564B7009}.Debug|Any CPU.ActiveCfg = Debug|Any CPU
		{D7347358-31F3-46CC-B530-0D9E564B7009}.Debug|Any CPU.Build.0 = Debug|Any CPU
		{D7347358-31F3-46CC-B530-0D9E564B7009}.Release|Any CPU.ActiveCfg = Release|Any CPU
		{D7347358-31F3-46CC-B530-0D9E564B7009}.Release|Any CPU.Build.0 = Release|Any CPU
		{ADECA8A8-9C11-432B-8B48-D8E0D5CAFD27}.Debug|Any CPU.ActiveCfg = Debug|Any CPU
		{ADECA8A8-9C11-432B-8B48-D8E0D5CAFD27}.Debug|Any CPU.Build.0 = Debug|Any CPU
		{ADECA8A8-9C11-432B-8B48-D8E0D5CAFD27}.Release|Any CPU.ActiveCfg = Release|Any CPU
		{ADECA8A8-9C11-432B-8B48-D8E0D5CAFD27}.Release|Any CPU.Build.0 = Release|Any CPU
		{DBDA4686-899A-460E-A1EB-6F5E58151C04}.Debug|Any CPU.ActiveCfg = Debug|Any CPU
		{DBDA4686-899A-460E-A1EB-6F5E58151C04}.Debug|Any CPU.Build.0 = Debug|Any CPU
		{DBDA4686-899A-460E-A1EB-6F5E58151C04}.Release|Any CPU.ActiveCfg = Release|Any CPU
		{DBDA4686-899A-460E-A1EB-6F5E58151C04}.Release|Any CPU.Build.0 = Release|Any CPU
		{8AAD13AE-CB46-41A2-A84B-5324CDB4DC61}.Debug|Any CPU.ActiveCfg = Debug|Any CPU
		{8AAD13AE-CB46-41A2-A84B-5324CDB4DC61}.Debug|Any CPU.Build.0 = Debug|Any CPU
		{8AAD13AE-CB46-41A2-A84B-5324CDB4DC61}.Release|Any CPU.ActiveCfg = Release|Any CPU
		{8AAD13AE-CB46-41A2-A84B-5324CDB4DC61}.Release|Any CPU.Build.0 = Release|Any CPU
		{44E68867-2CAA-426F-9073-CC4B71A99F3A}.Debug|Any CPU.ActiveCfg = Debug|Any CPU
		{44E68867-2CAA-426F-9073-CC4B71A99F3A}.Debug|Any CPU.Build.0 = Debug|Any CPU
		{44E68867-2CAA-426F-9073-CC4B71A99F3A}.Release|Any CPU.ActiveCfg = Release|Any CPU
		{44E68867-2CAA-426F-9073-CC4B71A99F3A}.Release|Any CPU.Build.0 = Release|Any CPU
		{AD28BCD9-1016-40F6-B359-4B2358316071}.Debug|Any CPU.ActiveCfg = Debug|Any CPU
		{AD28BCD9-1016-40F6-B359-4B2358316071}.Debug|Any CPU.Build.0 = Debug|Any CPU
		{AD28BCD9-1016-40F6-B359-4B2358316071}.Release|Any CPU.ActiveCfg = Release|Any CPU
		{AD28BCD9-1016-40F6-B359-4B2358316071}.Release|Any CPU.Build.0 = Release|Any CPU
		{BA8CA488-41A4-4964-A44E-84B953651E45}.Debug|Any CPU.ActiveCfg = Debug|Any CPU
		{BA8CA488-41A4-4964-A44E-84B953651E45}.Debug|Any CPU.Build.0 = Debug|Any CPU
		{BA8CA488-41A4-4964-A44E-84B953651E45}.Release|Any CPU.ActiveCfg = Release|Any CPU
		{BA8CA488-41A4-4964-A44E-84B953651E45}.Release|Any CPU.Build.0 = Release|Any CPU
	EndGlobalSection
	GlobalSection(SolutionProperties) = preSolution
		HideSolutionNode = FALSE
	EndGlobalSection
	GlobalSection(NestedProjects) = preSolution
		{5AE74421-A8D7-4E10-A06D-EC8DCFB67815} = {3C81E09D-6BEB-46DB-AE86-BB4C34B7AC2A}
		{76FA8C03-B946-4E71-AFD8-650E42C63A92} = {5C73F123-3DA0-42DD-B305-4457664233AF}
		{D7347358-31F3-46CC-B530-0D9E564B7009} = {35D8D783-6795-48BC-8670-5B3BE6E777A1}
		{ADECA8A8-9C11-432B-8B48-D8E0D5CAFD27} = {71683E0D-2048-465D-A5C0-B9A8FAC97781}
		{DBDA4686-899A-460E-A1EB-6F5E58151C04} = {7C10E770-1655-400B-A8EF-E220A0B35629}
		{8AAD13AE-CB46-41A2-A84B-5324CDB4DC61} = {2D8CFCA0-825E-4733-A835-4D1BEE947FD4}
		{44E68867-2CAA-426F-9073-CC4B71A99F3A} = {50B9E377-117F-4A3B-B376-8D41FD821A1C}
		{AD28BCD9-1016-40F6-B359-4B2358316071} = {9AA26414-5035-4C6E-9A1B-E9BB2B73ACB8}
		{BA8CA488-41A4-4964-A44E-84B953651E45} = {4244190E-6595-4367-971D-DFE9D207CA84}
	EndGlobalSection
EndGlobal
